schema: '2.0'
stages:
  prepare:
    cmd: python src/prepare.py
    deps:
    - path: data/raw/ames.csv
      hash: md5
      md5: 80ccab65fb115cbad143dbbd2bcd5577
      size: 460676
    - path: params.yaml
      hash: md5
      md5: 4603737511aedb5acc0dd3361feab67d
      size: 210
    - path: src/prepare.py
      hash: md5
      md5: 9c2b331a95fb648a39c365ceb395de82
      size: 718
    outs:
    - path: data/processed/test.csv
      hash: md5
      md5: 28d031c1e184979047044b26627870ee
      size: 100539
    - path: data/processed/train.csv
      hash: md5
      md5: c0515b75db0f6d8c7dfd420a13b0cf51
      size: 399300
  train:
    cmd: python src/train.py
    deps:
    - path: data/processed/train.csv
      hash: md5
      md5: c0515b75db0f6d8c7dfd420a13b0cf51
      size: 399300
    - path: params.yaml
      hash: md5
      md5: 4603737511aedb5acc0dd3361feab67d
      size: 210
    - path: src/train.py
      hash: md5
      md5: 2e31755f94615213db64b5e07f9c62e5
      size: 1702
    outs:
    - path: models/catboost_model.cbm
      hash: md5
      md5: 356c56e851d67231c717b35368bb82b3
      size: 2263984
  evaluate:
    cmd: python src/evaluate.py
    deps:
    - path: data/processed/test.csv
      hash: md5
      md5: 28d031c1e184979047044b26627870ee
      size: 100539
    - path: models/catboost_model.cbm
      hash: md5
      md5: 356c56e851d67231c717b35368bb82b3
      size: 2263984
    - path: params.yaml
      hash: md5
      md5: 4603737511aedb5acc0dd3361feab67d
      size: 210
    - path: src/evaluate.py
      hash: md5
      md5: 3853113ed0d70fa6d2519383544e48c4
      size: 832
    outs:
    - path: reports/metrics.json
      hash: md5
      md5: 7816423ed9c1daf50d53e24f71184a28
      size: 53
